
Microsoft Visual Studio Solution File, Format Version 11.00
# Visual Studio 2010
# SharpDevelop 5.1
Project("{FAE04EC0-301F-11D3-BF4B-00C04F79EFBC}") = "3dpBurnerSender", "3dpBurnerSender.csproj", "{2DD7864D-116F-4E5C-830F-B98F6CC07325}"
EndProject
Global
	GlobalSection(SolutionConfigurationPlatforms) = preSolution
		Debug|Any CPU = Debug|Any CPU
		Release|Any CPU = Release|Any CPU
	EndGlobalSection
	GlobalSection(ProjectConfigurationPlatforms) = postSolution
		{2DD7864D-116F-4E5C-830F-B98F6CC07325}.Debug|Any CPU.ActiveCfg = Debug|Any CPU
		{2DD7864D-116F-4E5C-830F-B98F6CC07325}.Debug|Any CPU.Build.0 = Debug|Any CPU
		{2DD7864D-116F-4E5C-830F-B98F6CC07325}.Release|Any CPU.ActiveCfg = Release|Any CPU
		{2DD7864D-116F-4E5C-830F-B98F6CC07325}.Release|Any CPU.Build.0 = Release|Any CPU
	EndGlobalSection
EndGlobal
